// !$*UTF8*$!
{
	archiveVersion = 1;
	classes = {
	};
	objectVersion = 46;
	objects = {

/* Begin PBXBuildFile section */
		C131ADAD1D05AE2400D13F75 /* WhatsAp2p-Client.c in Sources */ = {isa = PBXBuildFile; fileRef = C131ADAC1D05AE2400D13F75 /* WhatsAp2p-Client.c */; };
/* End PBXBuildFile section */

/* Begin PBXCopyFilesBuildPhase section */
		C5B3AA261D01F62300E617A7 /* CopyFiles */ = {
			isa = PBXCopyFilesBuildPhase;
			buildActionMask = 2147483647;
			dstPath = /usr/share/man/man1/;
			dstSubfolderSpec = 0;
			files = (
			);
			runOnlyForDeploymentPostprocessing = 1;
		};
/* End PBXCopyFilesBuildPhase section */

/* Begin PBXFileReference section */
		C131ADAC1D05AE2400D13F75 /* WhatsAp2p-Client.c */ = {isa = PBXFileReference; fileEncoding = 4; lastKnownFileType = sourcecode.c.c; path = "WhatsAp2p-Client.c"; sourceTree = SOURCE_ROOT; };
		C5B3AA281D01F62300E617A7 /* WhatsAp2p Client */ = {isa = PBXFileReference; explicitFileType = "compiled.mach-o.executable"; includeInIndex = 0; path = "WhatsAp2p Client"; sourceTree = BUILT_PRODUCTS_DIR; };
/* End PBXFileReference section */

/* Begin PBXFrameworksBuildPhase section */
		C5B3AA251D01F62300E617A7 /* Frameworks */ = {
			isa = PBXFrameworksBuildPhase;
			buildActionMask = 2147483647;
			files = (
			);
			runOnlyForDeploymentPostprocessing = 0;
		};
/* End PBXFrameworksBuildPhase section */

/* Begin PBXGroup section */
		C5B3AA1F1D01F62300E617A7 = {
			isa = PBXGroup;
			children = (
				C5B3AA2A1D01F62300E617A7 /* WhatsAp2p Client */,
				C5B3AA291D01F62300E617A7 /* Products */,
			);
			sourceTree = "<group>";
		};
		C5B3AA291D01F62300E617A7 /* Products */ = {
			isa = PBXGroup;
			children = (
				C5B3AA281D01F62300E617A7 /* WhatsAp2p Client */,
			);
			name = Products;
			sourceTree = "<group>";
		};
		C5B3AA2A1D01F62300E617A7 /* WhatsAp2p Client */ = {
			isa = PBXGroup;
			children = (
				C131ADAC1D05AE2400D13F75 /* WhatsAp2p-Client.c */,
			);
			path = "WhatsAp2p Client";
			sourceTree = "<group>";
		};
/* End PBXGroup section */

/* Begin PBXNativeTarget section */
		C5B3AA271D01F62300E617A7 /* WhatsAp2p Client */ = {
			isa = PBXNativeTarget;
			buildConfigurationList = C5B3AA2F1D01F62300E617A7 /* Build configuration list for PBXNativeTarget "WhatsAp2p Client" */;
			buildPhases = (
				C5B3AA241D01F62300E617A7 /* Sources */,
				C5B3AA251D01F62300E617A7 /* Frameworks */,
				C5B3AA261D01F62300E617A7 /* CopyFiles */,
			);
			buildRules = (
			);
			dependencies = (
			);
			name = "WhatsAp2p Client";
			productName = "WhatsAp2p Client";
			productReference = C5B3AA281D01F62300E617A7 /* WhatsAp2p Client */;
			productType = "com.apple.product-type.tool";
		};
/* End PBXNativeTarget section */

/* Begin PBXProject section */
		C5B3AA201D01F62300E617A7 /* Project object */ = {
			isa = PBXProject;
			attributes = {
				LastUpgradeCheck = 0730;
				ORGANIZATIONNAME = "Roger Oba";
				TargetAttributes = {
					C5B3AA271D01F62300E617A7 = {
						CreatedOnToolsVersion = 7.3;
					};
				};
			};
			buildConfigurationList = C5B3AA231D01F62300E617A7 /* Build configuration list for PBXProject "WhatsAp2p Client" */;
			compatibilityVersion = "Xcode 3.2";
			developmentRegion = English;
			hasScannedForEncodings = 0;
			knownRegions = (
				en,
			);
			mainGroup = C5B3AA1F1D01F62300E617A7;
			productRefGroup = C5B3AA291D01F62300E617A7 /* Products */;
			projectDirPath = "";
			projectRoot = "";
			targets = (
				C5B3AA271D01F62300E617A7 /* WhatsAp2p Client */,
			);
		};
/* End PBXProject section */

/* Begin PBXSourcesBuildPhase section */
		C5B3AA241D01F62300E617A7 /* Sources */ = {
			isa = PBXSourcesBuildPhase;
			buildActionMask = 2147483647;
			files = (
				C131ADAD1D05AE2400D13F75 /* WhatsAp2p-Client.c in Sources */,
			);
			runOnlyForDeploymentPostprocessing = 0;
		};
/* End PBXSourcesBuildPhase section */

/* Begin XCBuildConfiguration section */
		C5B3AA2D1D01F62300E617A7 /* Debug */ = {
			isa = XCBuildConfiguration;
			buildSettings = {
				ALWAYS_SEARCH_USER_PATHS = NO;
				CLANG_ANALYZER_NONNULL = YES;
				CLANG_CXX_LANGUAGE_STANDARD = "gnu++0x";
				CLANG_CXX_LIBRARY = "libc++";
				CLANG_ENABLE_MODULES = YES;
				CLANG_ENABLE_OBJC_ARC = YES;
				CLANG_WARN_BOOL_CONVERSION = YES;
				CLANG_WARN_CONSTANT_CONVERSION = YES;
				CLANG_WARN_DIRECT_OBJC_ISA_USAGE = YES_ERROR;
				CLANG_WARN_EMPTY_BODY = YES;
				CLANG_WARN_ENUM_CONVERSION = YES;
				CLANG_WARN_INT_CONVERSION = YES;
				CLANG_WARN_OBJC_ROOT_CLASS = YES_ERROR;
				CLANG_WARN_UNREACHABLE_CODE = YES;
				CLANG_WARN__DUPLICATE_METHOD_MATCH = YES;
				CODE_SIGN_IDENTITY = "-";
				COPY_PHASE_STRIP = NO;
				DEBUG_INFORMATION_FORMAT = dwarf;
				ENABLE_STRICT_OBJC_MSGSEND = YES;
				ENABLE_TESTABILITY = YES;
				GCC_C_LANGUAGE_STANDARD = gnu99;
				GCC_DYNAMIC_NO_PIC = NO;
				GCC_NO_COMMON_BLOCKS = YES;
				GCC_OPTIMIZATION_LEVEL = 0;
				GCC_PREPROCESSOR_DEFINITIONS = (
					"DEBUG=1",
					"$(inherited)",
				);
				GCC_WARN_64_TO_32_BIT_CONVERSION = YES;
				GCC_WARN_ABOUT_RETURN_TYPE = YES_ERROR;
				GCC_WARN_UNDECLARED_SELECTOR = YES;
				GCC_WARN_UNINITIALIZED_AUTOS = YES_AGGRESSIVE;
				GCC_WARN_UNUSED_FUNCTION = YES;
				GCC_WARN_UNUSED_VARIABLE = YES;
				MACOSX_DEPLOYMENT_TARGET = 10.11;
				MTL_ENABLE_DEBUG_INFO = YES;
				ONLY_ACTIVE_ARCH = YES;
				SDKROOT = macosx;
			};
			name = Debug;
		};
		C5B3AA2E1D01F62300E617A7 /* Release */ = {
			isa = XCBuildConfiguration;
			buildSettings = {
				ALWAYS_SEARCH_USER_PATHS = NO;
				CLANG_ANALYZER_NONNULL = YES;
				CLANG_CXX_LANGUAGE_STANDARD = "gnu++0x";
				CLANG_CXX_LIBRARY = "libc++";
				CLANG_ENABLE_MODULES = YES;
				CLANG_ENABLE_OBJC_ARC = YES;
				CLANG_WARN_BOOL_CONVERSION = YES;
				CLANG_WARN_CONSTANT_CONVERSION = YES;
				CLANG_WARN_DIRECT_OBJC_ISA_USAGE = YES_ERROR;
				CLANG_WARN_EMPTY_BODY = YES;
				CLANG_WARN_ENUM_CONVERSION = YES;
				CLANG_WARN_INT_CONVERSION = YES;
				CLANG_WARN_OBJC_ROOT_CLASS = YES_ERROR;
				CLANG_WARN_UNREACHABLE_CODE = YES;
				CLANG_WARN__DUPLICATE_METHOD_MATCH = YES;
				CODE_SIGN_IDENTITY = "-";
				COPY_PHASE_STRIP = NO;
				DEBUG_INFORMATION_FORMAT = "dwarf-with-dsym";
				ENABLE_NS_ASSERTIONS = NO;
				ENABLE_STRICT_OBJC_MSGSEND = YES;
				GCC_C_LANGUAGE_STANDARD = gnu99;
				GCC_NO_COMMON_BLOCKS = YES;
				GCC_WARN_64_TO_32_BIT_CONVERSION = YES;
				GCC_WARN_ABOUT_RETURN_TYPE = YES_ERROR;
				GCC_WARN_UNDECLARED_SELECTOR = YES;
				GCC_WARN_UNINITIALIZED_AUTOS = YES_AGGRESSIVE;
				GCC_WARN_UNUSED_FUNCTION = YES;
				GCC_WARN_UNUSED_VARIABLE = YES;
				MACOSX_DEPLOYMENT_TARGET = 10.11;
				MTL_ENABLE_DEBUG_INFO = NO;
				SDKROOT = macosx;
			};
			name = Release;
		};
		C5B3AA301D01F62300E617A7 /* Debug */ = {
			isa = XCBuildConfiguration;
			buildSettings = {
				PRODUCT_NAME = "$(TARGET_NAME)";
			};
			name = Debug;
		};
		C5B3AA311D01F62300E617A7 /* Release */ = {
			isa = XCBuildConfiguration;
			buildSettings = {
				PRODUCT_NAME = "$(TARGET_NAME)";
			};
			name = Release;
		};
/* End XCBuildConfiguration section */

/* Begin XCConfigurationList section */
		C5B3AA231D01F62300E617A7 /* Build configuration list for PBXProject "WhatsAp2p Client" */ = {
			isa = XCConfigurationList;
			buildConfigurations = (
				C5B3AA2D1D01F62300E617A7 /* Debug */,
				C5B3AA2E1D01F62300E617A7 /* Release */,
			);
			defaultConfigurationIsVisible = 0;
			defaultConfigurationName = Release;
		};
		C5B3AA2F1D01F62300E617A7 /* Build configuration list for PBXNativeTarget "WhatsAp2p Client" */ = {
			isa = XCConfigurationList;
			buildConfigurations = (
				C5B3AA301D01F62300E617A7 /* Debug */,
				C5B3AA311D01F62300E617A7 /* Release */,
			);
			defaultConfigurationIsVisible = 0;
			defaultConfigurationName = Release;
		};
/* End XCConfigurationList section */
	};
	rootObject = C5B3AA201D01F62300E617A7 /* Project object */;
}
